
Microsoft Visual Studio Solution File, Format Version 12.00
# Visual Studio Version 16
VisualStudioVersion = 16.0.29728.190
MinimumVisualStudioVersion = 10.0.40219.1
Project("{FAE04EC0-301F-11D3-BF4B-00C04F79EFBC}") = "RestWithAspNet", "RestWithAspNet.csproj", "{8B39A31E-B104-4EAC-A4DA-6B380C54C7C0}"
EndProject
Global
	GlobalSection(SolutionConfigurationPlatforms) = preSolution
		Debug|Any CPU = Debug|Any CPU
		Release|Any CPU = Release|Any CPU
	EndGlobalSection
	GlobalSection(ProjectConfigurationPlatforms) = postSolution
		{8B39A31E-B104-4EAC-A4DA-6B380C54C7C0}.Debug|Any CPU.ActiveCfg = Debug|Any CPU
		{8B39A31E-B104-4EAC-A4DA-6B380C54C7C0}.Debug|Any CPU.Build.0 = Debug|Any CPU
		{8B39A31E-B104-4EAC-A4DA-6B380C54C7C0}.Release|Any CPU.ActiveCfg = Release|Any CPU
		{8B39A31E-B104-4EAC-A4DA-6B380C54C7C0}.Release|Any CPU.Build.0 = Release|Any CPU
	EndGlobalSection
	GlobalSection(SolutionProperties) = preSolution
		HideSolutionNode = FALSE
	EndGlobalSection
	GlobalSection(ExtensibilityGlobals) = postSolution
		SolutionGuid = {25E1E7B6-267F-4FBA-808F-93533B18F3B9}
	EndGlobalSection
EndGlobal
